
Microsoft Visual Studio Solution File, Format Version 12.00
# Visual Studio Version 16
VisualStudioVersion = 16.0.32929.386
MinimumVisualStudioVersion = 10.0.40219.1
Project("{8BC9CEB8-8B4A-11D0-8D11-00A0C91BC942}") = "Parallel-Bees", "Parallel-Bees\Parallel-Bees.vcxproj", "{0EA85C16-5105-487D-BF44-23B75CCEFF6D}"
EndProject
Global
	GlobalSection(SolutionConfigurationPlatforms) = preSolution
		Debug|x64 = Debug|x64
		Debug|x86 = Debug|x86
		Release|x64 = Release|x64
		Release|x86 = Release|x86
	EndGlobalSection
	GlobalSection(ProjectConfigurationPlatforms) = postSolution
		{0EA85C16-5105-487D-BF44-23B75CCEFF6D}.Debug|x64.ActiveCfg = Debug|x64
		{0EA85C16-5105-487D-BF44-23B75CCEFF6D}.Debug|x64.Build.0 = Debug|x64
		{0EA85C16-5105-487D-BF44-23B75CCEFF6D}.Debug|x86.ActiveCfg = Debug|Win32
		{0EA85C16-5105-487D-BF44-23B75CCEFF6D}.Debug|x86.Build.0 = Debug|Win32
		{0EA85C16-5105-487D-BF44-23B75CCEFF6D}.Release|x64.ActiveCfg = Release|x64
		{0EA85C16-5105-487D-BF44-23B75CCEFF6D}.Release|x64.Build.0 = Release|x64
		{0EA85C16-5105-487D-BF44-23B75CCEFF6D}.Release|x86.ActiveCfg = Release|Win32
		{0EA85C16-5105-487D-BF44-23B75CCEFF6D}.Release|x86.Build.0 = Release|Win32
	EndGlobalSection
	GlobalSection(SolutionProperties) = preSolution
		HideSolutionNode = FALSE
	EndGlobalSection
	GlobalSection(ExtensibilityGlobals) = postSolution
		SolutionGuid = {7A5175A4-6B6C-4B8F-A9BD-E0BE05989D84}
	EndGlobalSection
EndGlobal
